
Microsoft Visual Studio Solution File, Format Version 12.00
# Visual Studio Version 17
VisualStudioVersion = 17.8.34330.188
MinimumVisualStudioVersion = 10.0.40219.1
Project("{8BC9CEB8-8B4A-11D0-8D11-00A0C91BC942}") = "hl3714_hw3_q1", "hl3714_hw3_q1.vcxproj", "{03EF6585-3EEC-4D01-B482-672FD3692EF8}"
EndProject
Global
	GlobalSection(SolutionConfigurationPlatforms) = preSolution
		Debug|x64 = Debug|x64
		Debug|x86 = Debug|x86
		Release|x64 = Release|x64
		Release|x86 = Release|x86
	EndGlobalSection
	GlobalSection(ProjectConfigurationPlatforms) = postSolution
		{03EF6585-3EEC-4D01-B482-672FD3692EF8}.Debug|x64.ActiveCfg = Debug|x64
		{03EF6585-3EEC-4D01-B482-672FD3692EF8}.Debug|x64.Build.0 = Debug|x64
		{03EF6585-3EEC-4D01-B482-672FD3692EF8}.Debug|x86.ActiveCfg = Debug|Win32
		{03EF6585-3EEC-4D01-B482-672FD3692EF8}.Debug|x86.Build.0 = Debug|Win32
		{03EF6585-3EEC-4D01-B482-672FD3692EF8}.Release|x64.ActiveCfg = Release|x64
		{03EF6585-3EEC-4D01-B482-672FD3692EF8}.Release|x64.Build.0 = Release|x64
		{03EF6585-3EEC-4D01-B482-672FD3692EF8}.Release|x86.ActiveCfg = Release|Win32
		{03EF6585-3EEC-4D01-B482-672FD3692EF8}.Release|x86.Build.0 = Release|Win32
	EndGlobalSection
	GlobalSection(SolutionProperties) = preSolution
		HideSolutionNode = FALSE
	EndGlobalSection
	GlobalSection(ExtensibilityGlobals) = postSolution
		SolutionGuid = {561E0756-8FE0-48D1-A1D3-34E4B1EA298F}
	EndGlobalSection
EndGlobal
